
Microsoft Visual Studio Solution File, Format Version 12.00
# Visual Studio 15
VisualStudioVersion = 15.0.26403.3
MinimumVisualStudioVersion = 10.0.40219.1
Project("{FAE04EC0-301F-11D3-BF4B-00C04F79EFBC}") = "OnlineShop", "OnlineShop\OnlineShop.csproj", "{D8951257-94D5-437B-8E1D-B86CC3890BA3}"
EndProject
Global
	GlobalSection(SolutionConfigurationPlatforms) = preSolution
		Debug|Any CPU = Debug|Any CPU
		Release|Any CPU = Release|Any CPU
	EndGlobalSection
	GlobalSection(ProjectConfigurationPlatforms) = postSolution
		{D8951257-94D5-437B-8E1D-B86CC3890BA3}.Debug|Any CPU.ActiveCfg = Debug|Any CPU
		{D8951257-94D5-437B-8E1D-B86CC3890BA3}.Debug|Any CPU.Build.0 = Debug|Any CPU
		{D8951257-94D5-437B-8E1D-B86CC3890BA3}.Release|Any CPU.ActiveCfg = Release|Any CPU
		{D8951257-94D5-437B-8E1D-B86CC3890BA3}.Release|Any CPU.Build.0 = Release|Any CPU
	EndGlobalSection
	GlobalSection(SolutionProperties) = preSolution
		HideSolutionNode = FALSE
	EndGlobalSection
	GlobalSection(ExtensibilityGlobals) = postSolution
		SolutionGuid = {08AC2B2C-5211-41F2-8BE9-67DB9B5E69BA}
	EndGlobalSection
EndGlobal
